
Microsoft Visual Studio Solution File, Format Version 11.00
# Visual Studio 2010
Project("{FAE04EC0-301F-11D3-BF4B-00C04F79EFBC}") = "PerpetualEngine.Tests", "Shared\PerpetualEngine.Tests.csproj", "{D0A4C3B3-33AB-4768-A7B0-CB08753BAF85}"
EndProject
Project("{D954291E-2A0B-460D-934E-DC6B0785DB48}") = "PerpetualEngine.Forms.Shared", "PerpetualEngine.Forms.Shared\PerpetualEngine.Forms.Shared.shproj", "{2BD61002-E407-4232-9C34-7B713700EC87}"
EndProject
Project("{FAE04EC0-301F-11D3-BF4B-00C04F79EFBC}") = "PerpetualEngine.Forms.Droid", "PerpetualEngine.Forms.Droid\PerpetualEngine.Forms.Droid.csproj", "{CC8375C1-CE00-4ACB-9506-CA4FC919D9A5}"
EndProject
Project("{D954291E-2A0B-460D-934E-DC6B0785DB48}") = "PerpetualEngine.Shared", "PerpetualEngine.Shared\PerpetualEngine.Shared.shproj", "{71F3F6D0-2165-47A9-A1E0-6F50297FEDBA}"
EndProject
Project("{FAE04EC0-301F-11D3-BF4B-00C04F79EFBC}") = "PerpetualEngine.Droid", "PerpetualEngine.Droid\PerpetualEngine.Droid.csproj", "{56F680A8-D066-4F55-922A-8D28AEB598BB}"
EndProject
Project("{FAE04EC0-301F-11D3-BF4B-00C04F79EFBC}") = "PerpetualEngine.iOS", "PerpetualEngine.iOS\PerpetualEngine.iOS.csproj", "{53E80655-9589-4B19-8A78-51084EE977E8}"
EndProject
Global
	GlobalSection(SolutionConfigurationPlatforms) = preSolution
		Debug|Any CPU = Debug|Any CPU
		Release|Any CPU = Release|Any CPU
		Debug|iPhoneSimulator = Debug|iPhoneSimulator
		Release|iPhoneSimulator = Release|iPhoneSimulator
		Debug|iPhone = Debug|iPhone
		Release|iPhone = Release|iPhone
		Ad-Hoc|iPhone = Ad-Hoc|iPhone
		AppStore|iPhone = AppStore|iPhone
	EndGlobalSection
	GlobalSection(ProjectConfigurationPlatforms) = postSolution
		{53E80655-9589-4B19-8A78-51084EE977E8}.Ad-Hoc|iPhone.ActiveCfg = Debug|Any CPU
		{53E80655-9589-4B19-8A78-51084EE977E8}.Ad-Hoc|iPhone.Build.0 = Debug|Any CPU
		{53E80655-9589-4B19-8A78-51084EE977E8}.AppStore|iPhone.ActiveCfg = Debug|Any CPU
		{53E80655-9589-4B19-8A78-51084EE977E8}.AppStore|iPhone.Build.0 = Debug|Any CPU
		{53E80655-9589-4B19-8A78-51084EE977E8}.Debug|Any CPU.ActiveCfg = Debug|Any CPU
		{53E80655-9589-4B19-8A78-51084EE977E8}.Debug|Any CPU.Build.0 = Debug|Any CPU
		{53E80655-9589-4B19-8A78-51084EE977E8}.Debug|iPhone.ActiveCfg = Debug|Any CPU
		{53E80655-9589-4B19-8A78-51084EE977E8}.Debug|iPhone.Build.0 = Debug|Any CPU
		{53E80655-9589-4B19-8A78-51084EE977E8}.Debug|iPhoneSimulator.ActiveCfg = Debug|Any CPU
		{53E80655-9589-4B19-8A78-51084EE977E8}.Debug|iPhoneSimulator.Build.0 = Debug|Any CPU
		{53E80655-9589-4B19-8A78-51084EE977E8}.Release|Any CPU.ActiveCfg = Release|Any CPU
		{53E80655-9589-4B19-8A78-51084EE977E8}.Release|Any CPU.Build.0 = Release|Any CPU
		{53E80655-9589-4B19-8A78-51084EE977E8}.Release|iPhone.ActiveCfg = Release|Any CPU
		{53E80655-9589-4B19-8A78-51084EE977E8}.Release|iPhone.Build.0 = Release|Any CPU
		{53E80655-9589-4B19-8A78-51084EE977E8}.Release|iPhoneSimulator.ActiveCfg = Release|Any CPU
		{53E80655-9589-4B19-8A78-51084EE977E8}.Release|iPhoneSimulator.Build.0 = Release|Any CPU
		{56F680A8-D066-4F55-922A-8D28AEB598BB}.Ad-Hoc|iPhone.ActiveCfg = Debug|Any CPU
		{56F680A8-D066-4F55-922A-8D28AEB598BB}.Ad-Hoc|iPhone.Build.0 = Debug|Any CPU
		{56F680A8-D066-4F55-922A-8D28AEB598BB}.AppStore|iPhone.ActiveCfg = Debug|Any CPU
		{56F680A8-D066-4F55-922A-8D28AEB598BB}.AppStore|iPhone.Build.0 = Debug|Any CPU
		{56F680A8-D066-4F55-922A-8D28AEB598BB}.Debug|Any CPU.ActiveCfg = Debug|Any CPU
		{56F680A8-D066-4F55-922A-8D28AEB598BB}.Debug|Any CPU.Build.0 = Debug|Any CPU
		{56F680A8-D066-4F55-922A-8D28AEB598BB}.Debug|iPhone.ActiveCfg = Debug|Any CPU
		{56F680A8-D066-4F55-922A-8D28AEB598BB}.Debug|iPhone.Build.0 = Debug|Any CPU
		{56F680A8-D066-4F55-922A-8D28AEB598BB}.Debug|iPhoneSimulator.ActiveCfg = Debug|Any CPU
		{56F680A8-D066-4F55-922A-8D28AEB598BB}.Debug|iPhoneSimulator.Build.0 = Debug|Any CPU
		{56F680A8-D066-4F55-922A-8D28AEB598BB}.Release|Any CPU.ActiveCfg = Release|Any CPU
		{56F680A8-D066-4F55-922A-8D28AEB598BB}.Release|Any CPU.Build.0 = Release|Any CPU
		{56F680A8-D066-4F55-922A-8D28AEB598BB}.Release|iPhone.ActiveCfg = Release|Any CPU
		{56F680A8-D066-4F55-922A-8D28AEB598BB}.Release|iPhone.Build.0 = Release|Any CPU
		{56F680A8-D066-4F55-922A-8D28AEB598BB}.Release|iPhoneSimulator.ActiveCfg = Release|Any CPU
		{56F680A8-D066-4F55-922A-8D28AEB598BB}.Release|iPhoneSimulator.Build.0 = Release|Any CPU
		{CC8375C1-CE00-4ACB-9506-CA4FC919D9A5}.Ad-Hoc|iPhone.ActiveCfg = Debug|Any CPU
		{CC8375C1-CE00-4ACB-9506-CA4FC919D9A5}.Ad-Hoc|iPhone.Build.0 = Debug|Any CPU
		{CC8375C1-CE00-4ACB-9506-CA4FC919D9A5}.AppStore|iPhone.ActiveCfg = Debug|Any CPU
		{CC8375C1-CE00-4ACB-9506-CA4FC919D9A5}.AppStore|iPhone.Build.0 = Debug|Any CPU
		{CC8375C1-CE00-4ACB-9506-CA4FC919D9A5}.Debug|Any CPU.ActiveCfg = Debug|Any CPU
		{CC8375C1-CE00-4ACB-9506-CA4FC919D9A5}.Debug|Any CPU.Build.0 = Debug|Any CPU
		{CC8375C1-CE00-4ACB-9506-CA4FC919D9A5}.Debug|iPhone.ActiveCfg = Debug|Any CPU
		{CC8375C1-CE00-4ACB-9506-CA4FC919D9A5}.Debug|iPhone.Build.0 = Debug|Any CPU
		{CC8375C1-CE00-4ACB-9506-CA4FC919D9A5}.Debug|iPhoneSimulator.ActiveCfg = Debug|Any CPU
		{CC8375C1-CE00-4ACB-9506-CA4FC919D9A5}.Debug|iPhoneSimulator.Build.0 = Debug|Any CPU
		{CC8375C1-CE00-4ACB-9506-CA4FC919D9A5}.Release|Any CPU.ActiveCfg = Release|Any CPU
		{CC8375C1-CE00-4ACB-9506-CA4FC919D9A5}.Release|Any CPU.Build.0 = Release|Any CPU
		{CC8375C1-CE00-4ACB-9506-CA4FC919D9A5}.Release|iPhone.ActiveCfg = Release|Any CPU
		{CC8375C1-CE00-4ACB-9506-CA4FC919D9A5}.Release|iPhone.Build.0 = Release|Any CPU
		{CC8375C1-CE00-4ACB-9506-CA4FC919D9A5}.Release|iPhoneSimulator.ActiveCfg = Release|Any CPU
		{CC8375C1-CE00-4ACB-9506-CA4FC919D9A5}.Release|iPhoneSimulator.Build.0 = Release|Any CPU
		{D0A4C3B3-33AB-4768-A7B0-CB08753BAF85}.Ad-Hoc|iPhone.ActiveCfg = Debug|Any CPU
		{D0A4C3B3-33AB-4768-A7B0-CB08753BAF85}.Ad-Hoc|iPhone.Build.0 = Debug|Any CPU
		{D0A4C3B3-33AB-4768-A7B0-CB08753BAF85}.AppStore|iPhone.ActiveCfg = Debug|Any CPU
		{D0A4C3B3-33AB-4768-A7B0-CB08753BAF85}.AppStore|iPhone.Build.0 = Debug|Any CPU
		{D0A4C3B3-33AB-4768-A7B0-CB08753BAF85}.Debug|Any CPU.ActiveCfg = Debug|Any CPU
		{D0A4C3B3-33AB-4768-A7B0-CB08753BAF85}.Debug|Any CPU.Build.0 = Debug|Any CPU
		{D0A4C3B3-33AB-4768-A7B0-CB08753BAF85}.Debug|iPhone.ActiveCfg = Debug|Any CPU
		{D0A4C3B3-33AB-4768-A7B0-CB08753BAF85}.Debug|iPhone.Build.0 = Debug|Any CPU
		{D0A4C3B3-33AB-4768-A7B0-CB08753BAF85}.Debug|iPhoneSimulator.ActiveCfg = Debug|Any CPU
		{D0A4C3B3-33AB-4768-A7B0-CB08753BAF85}.Debug|iPhoneSimulator.Build.0 = Debug|Any CPU
		{D0A4C3B3-33AB-4768-A7B0-CB08753BAF85}.Release|Any CPU.ActiveCfg = Release|Any CPU
		{D0A4C3B3-33AB-4768-A7B0-CB08753BAF85}.Release|Any CPU.Build.0 = Release|Any CPU
		{D0A4C3B3-33AB-4768-A7B0-CB08753BAF85}.Release|iPhone.ActiveCfg = Release|Any CPU
		{D0A4C3B3-33AB-4768-A7B0-CB08753BAF85}.Release|iPhone.Build.0 = Release|Any CPU
		{D0A4C3B3-33AB-4768-A7B0-CB08753BAF85}.Release|iPhoneSimulator.ActiveCfg = Release|Any CPU
		{D0A4C3B3-33AB-4768-A7B0-CB08753BAF85}.Release|iPhoneSimulator.Build.0 = Release|Any CPU
	EndGlobalSection
	GlobalSection(MonoDevelopProperties) = preSolution
		StartupItem = Shared\PerpetualEngine.Tests.csproj
		Policies = $0
		$0.DotNetNamingPolicy = $1
		$1.DirectoryNamespaceAssociation = None
		$1.ResourceNamePolicy = FileFormatDefault
		$0.TextStylePolicy = $2
		$2.FileWidth = 120
		$2.NoTabsAfterNonTabs = True
		$2.EolMarker = Unix
		$2.inheritsSet = VisualStudio
		$2.inheritsScope = text/plain
		$2.scope = text/x-csharp
		$0.CSharpFormattingPolicy = $3
		$3.IndentSwitchBody = True
		$3.BeforeMethodDeclarationParentheses = False
		$3.BeforeMethodCallParentheses = False
		$3.BeforeConstructorDeclarationParentheses = False
		$3.BeforeIndexerDeclarationBracket = False
		$3.BeforeDelegateDeclarationParentheses = False
		$3.AfterDelegateDeclarationParameterComma = True
		$3.NewParentheses = False
		$3.SpacesBeforeBrackets = False
		$3.inheritsSet = Mono
		$3.inheritsScope = text/x-csharp
		$3.scope = text/x-csharp
		$0.TextStylePolicy = $4
		$4.FileWidth = 120
		$4.NoTabsAfterNonTabs = True
		$4.EolMarker = Unix
		$4.inheritsSet = VisualStudio
		$4.inheritsScope = text/plain
		$4.scope = text/plain
		$0.TextStylePolicy = $5
		$5.inheritsSet = null
		$5.scope = application/xml
		$0.XmlFormattingPolicy = $6
		$6.inheritsSet = Mono
		$6.inheritsScope = application/xml
		$6.scope = application/xml
	EndGlobalSection
EndGlobal
