
Microsoft Visual Studio Solution File, Format Version 11.00
# Visual Studio 2010
Project("{FAE04EC0-301F-11D3-BF4B-00C04F79EFBC}") = "Desktop", "Desktop\Desktop.csproj", "{D0A4C3B3-33AB-4768-A7B0-CB08753BAF85}"
EndProject
Project("{FAE04EC0-301F-11D3-BF4B-00C04F79EFBC}") = "iOS", "iOS\iOS.csproj", "{53E80655-9589-4B19-8A78-51084EE977E8}"
EndProject
Project("{FAE04EC0-301F-11D3-BF4B-00C04F79EFBC}") = "Droid", "Droid\Droid.csproj", "{56F680A8-D066-4F55-922A-8D28AEB598BB}"
EndProject
Global
	GlobalSection(SolutionConfigurationPlatforms) = preSolution
		Debug|Any CPU = Debug|Any CPU
		Release|Any CPU = Release|Any CPU
	EndGlobalSection
	GlobalSection(ProjectConfigurationPlatforms) = postSolution
		{53E80655-9589-4B19-8A78-51084EE977E8}.Debug|Any CPU.ActiveCfg = Debug|Any CPU
		{53E80655-9589-4B19-8A78-51084EE977E8}.Debug|Any CPU.Build.0 = Debug|Any CPU
		{53E80655-9589-4B19-8A78-51084EE977E8}.Release|Any CPU.ActiveCfg = Release|Any CPU
		{53E80655-9589-4B19-8A78-51084EE977E8}.Release|Any CPU.Build.0 = Release|Any CPU
		{56F680A8-D066-4F55-922A-8D28AEB598BB}.Debug|Any CPU.ActiveCfg = Debug|Any CPU
		{56F680A8-D066-4F55-922A-8D28AEB598BB}.Debug|Any CPU.Build.0 = Debug|Any CPU
		{56F680A8-D066-4F55-922A-8D28AEB598BB}.Release|Any CPU.ActiveCfg = Release|Any CPU
		{56F680A8-D066-4F55-922A-8D28AEB598BB}.Release|Any CPU.Build.0 = Release|Any CPU
		{D0A4C3B3-33AB-4768-A7B0-CB08753BAF85}.Debug|Any CPU.ActiveCfg = Debug|Any CPU
		{D0A4C3B3-33AB-4768-A7B0-CB08753BAF85}.Debug|Any CPU.Build.0 = Debug|Any CPU
		{D0A4C3B3-33AB-4768-A7B0-CB08753BAF85}.Release|Any CPU.ActiveCfg = Release|Any CPU
		{D0A4C3B3-33AB-4768-A7B0-CB08753BAF85}.Release|Any CPU.Build.0 = Release|Any CPU
	EndGlobalSection
	GlobalSection(MonoDevelopProperties) = preSolution
		StartupItem = Desktop\Desktop.csproj
		Policies = $0
		$0.DotNetNamingPolicy = $1
		$1.DirectoryNamespaceAssociation = None
		$1.ResourceNamePolicy = FileFormatDefault
		$0.TextStylePolicy = $2
		$2.FileWidth = 120
		$2.NoTabsAfterNonTabs = True
		$2.EolMarker = Unix
		$2.inheritsSet = VisualStudio
		$2.inheritsScope = text/plain
		$2.scope = text/x-csharp
		$0.CSharpFormattingPolicy = $3
		$3.IndentSwitchBody = True
		$3.BeforeMethodDeclarationParentheses = False
		$3.BeforeMethodCallParentheses = False
		$3.BeforeConstructorDeclarationParentheses = False
		$3.BeforeIndexerDeclarationBracket = False
		$3.BeforeDelegateDeclarationParentheses = False
		$3.AfterDelegateDeclarationParameterComma = True
		$3.NewParentheses = False
		$3.SpacesBeforeBrackets = False
		$3.inheritsSet = Mono
		$3.inheritsScope = text/x-csharp
		$3.scope = text/x-csharp
		$0.TextStylePolicy = $4
		$4.FileWidth = 120
		$4.NoTabsAfterNonTabs = True
		$4.EolMarker = Unix
		$4.inheritsSet = VisualStudio
		$4.inheritsScope = text/plain
		$4.scope = text/plain
		$0.TextStylePolicy = $5
		$5.inheritsSet = null
		$5.scope = application/xml
		$0.XmlFormattingPolicy = $6
		$6.inheritsSet = Mono
		$6.inheritsScope = application/xml
		$6.scope = application/xml
	EndGlobalSection
EndGlobal
