
Microsoft Visual Studio Solution File, Format Version 11.00
# Visual Studio 2010
Project("{D954291E-2A0B-460D-934E-DC6B0785DB48}") = "PerpetualEngine.Forms.Shared", "PerpetualEngine.Forms.Shared\PerpetualEngine.Forms.Shared.shproj", "{2BD61002-E407-4232-9C34-7B713700EC87}"
EndProject
Project("{FAE04EC0-301F-11D3-BF4B-00C04F79EFBC}") = "PerpetualEngine.Forms.Droid", "PerpetualEngine.Forms.Droid\PerpetualEngine.Forms.Droid.csproj", "{CC8375C1-CE00-4ACB-9506-CA4FC919D9A5}"
EndProject
Project("{D954291E-2A0B-460D-934E-DC6B0785DB48}") = "PerpetualEngine.Shared", "PerpetualEngine.Shared\PerpetualEngine.Shared.shproj", "{71F3F6D0-2165-47A9-A1E0-6F50297FEDBA}"
EndProject
Project("{FAE04EC0-301F-11D3-BF4B-00C04F79EFBC}") = "PerpetualEngine.Droid", "PerpetualEngine.Droid\PerpetualEngine.Droid.csproj", "{56F680A8-D066-4F55-922A-8D28AEB598BB}"
EndProject
Project("{FAE04EC0-301F-11D3-BF4B-00C04F79EFBC}") = "PerpetualEngine.iOS", "PerpetualEngine.iOS\PerpetualEngine.iOS.csproj", "{53E80655-9589-4B19-8A78-51084EE977E8}"
EndProject
Project("{FAE04EC0-301F-11D3-BF4B-00C04F79EFBC}") = "PerpetualEngine.Tests", "PerpetualEngine.Tests\PerpetualEngine.Tests.csproj", "{D0A4C3B3-33AB-4768-A7B0-CB08753BAF85}"
EndProject
Project("{FAE04EC0-301F-11D3-BF4B-00C04F79EFBC}") = "PerpetualEngine.iOS.Tests", "PerpetualEngine.iOS\Tests\PerpetualEngine.iOS.Tests.csproj", "{9BB15D9E-E09E-4BEA-AAD4-AB908EE9880A}"
EndProject
Project("{D954291E-2A0B-460D-934E-DC6B0785DB48}") = "PerpetualEngine.Demo.Shared", "PerpetualEngine.Demo.Shared\PerpetualEngine.Demo.Shared.shproj", "{9204A8CF-F225-4397-896A-9095A76B629B}"
EndProject
Project("{FAE04EC0-301F-11D3-BF4B-00C04F79EFBC}") = "PerpetualEngine.Demo.Droid", "PerpetualEngine.Demo.Droid\PerpetualEngine.Demo.Droid.csproj", "{F000EC47-2574-4EA2-8237-0B4BA37C1002}"
EndProject
Project("{FAE04EC0-301F-11D3-BF4B-00C04F79EFBC}") = "PerpetualEngine.Forms.iOS", "PerpetualEngine.Forms.iOS\PerpetualEngine.Forms.iOS.csproj", "{33BC556A-9EC6-446B-B000-04C8B1A9F69C}"
EndProject
Project("{FAE04EC0-301F-11D3-BF4B-00C04F79EFBC}") = "PerpetualEngine.Desktop", "PerpetualEngine.Desktop\PerpetualEngine.Desktop.csproj", "{10270982-734C-45E6-8A07-99F6AF0D2B13}"
EndProject
Project("{FAE04EC0-301F-11D3-BF4B-00C04F79EFBC}") = "PerpetualEngine.Demo.iOS", "PerpetualEngine.Demo.iOS\PerpetualEngine.Demo.iOS.csproj", "{D3CE2CB7-3065-4607-8106-BBD9E4D077C9}"
EndProject
Global
	GlobalSection(SolutionConfigurationPlatforms) = preSolution
		Debug|Any CPU = Debug|Any CPU
		Release|Any CPU = Release|Any CPU
		Debug|iPhoneSimulator = Debug|iPhoneSimulator
		Release|iPhoneSimulator = Release|iPhoneSimulator
		Debug|iPhone = Debug|iPhone
		Release|iPhone = Release|iPhone
		Ad-Hoc|iPhone = Ad-Hoc|iPhone
		AppStore|iPhone = AppStore|iPhone
	EndGlobalSection
	GlobalSection(ProjectConfigurationPlatforms) = postSolution
		{10270982-734C-45E6-8A07-99F6AF0D2B13}.Ad-Hoc|iPhone.ActiveCfg = Debug|Any CPU
		{10270982-734C-45E6-8A07-99F6AF0D2B13}.Ad-Hoc|iPhone.Build.0 = Debug|Any CPU
		{10270982-734C-45E6-8A07-99F6AF0D2B13}.AppStore|iPhone.ActiveCfg = Debug|Any CPU
		{10270982-734C-45E6-8A07-99F6AF0D2B13}.AppStore|iPhone.Build.0 = Debug|Any CPU
		{10270982-734C-45E6-8A07-99F6AF0D2B13}.Debug|Any CPU.ActiveCfg = Debug|Any CPU
		{10270982-734C-45E6-8A07-99F6AF0D2B13}.Debug|Any CPU.Build.0 = Debug|Any CPU
		{10270982-734C-45E6-8A07-99F6AF0D2B13}.Debug|iPhone.ActiveCfg = Debug|Any CPU
		{10270982-734C-45E6-8A07-99F6AF0D2B13}.Debug|iPhone.Build.0 = Debug|Any CPU
		{10270982-734C-45E6-8A07-99F6AF0D2B13}.Debug|iPhoneSimulator.ActiveCfg = Debug|Any CPU
		{10270982-734C-45E6-8A07-99F6AF0D2B13}.Debug|iPhoneSimulator.Build.0 = Debug|Any CPU
		{10270982-734C-45E6-8A07-99F6AF0D2B13}.Release|Any CPU.ActiveCfg = Release|Any CPU
		{10270982-734C-45E6-8A07-99F6AF0D2B13}.Release|Any CPU.Build.0 = Release|Any CPU
		{10270982-734C-45E6-8A07-99F6AF0D2B13}.Release|iPhone.ActiveCfg = Release|Any CPU
		{10270982-734C-45E6-8A07-99F6AF0D2B13}.Release|iPhone.Build.0 = Release|Any CPU
		{10270982-734C-45E6-8A07-99F6AF0D2B13}.Release|iPhoneSimulator.ActiveCfg = Release|Any CPU
		{10270982-734C-45E6-8A07-99F6AF0D2B13}.Release|iPhoneSimulator.Build.0 = Release|Any CPU
		{33BC556A-9EC6-446B-B000-04C8B1A9F69C}.Ad-Hoc|iPhone.ActiveCfg = Debug|Any CPU
		{33BC556A-9EC6-446B-B000-04C8B1A9F69C}.Ad-Hoc|iPhone.Build.0 = Debug|Any CPU
		{33BC556A-9EC6-446B-B000-04C8B1A9F69C}.AppStore|iPhone.ActiveCfg = Debug|Any CPU
		{33BC556A-9EC6-446B-B000-04C8B1A9F69C}.AppStore|iPhone.Build.0 = Debug|Any CPU
		{33BC556A-9EC6-446B-B000-04C8B1A9F69C}.Debug|Any CPU.ActiveCfg = Debug|Any CPU
		{33BC556A-9EC6-446B-B000-04C8B1A9F69C}.Debug|Any CPU.Build.0 = Debug|Any CPU
		{33BC556A-9EC6-446B-B000-04C8B1A9F69C}.Debug|iPhone.ActiveCfg = Debug|Any CPU
		{33BC556A-9EC6-446B-B000-04C8B1A9F69C}.Debug|iPhone.Build.0 = Debug|Any CPU
		{33BC556A-9EC6-446B-B000-04C8B1A9F69C}.Debug|iPhoneSimulator.ActiveCfg = Debug|Any CPU
		{33BC556A-9EC6-446B-B000-04C8B1A9F69C}.Debug|iPhoneSimulator.Build.0 = Debug|Any CPU
		{33BC556A-9EC6-446B-B000-04C8B1A9F69C}.Release|Any CPU.ActiveCfg = Release|Any CPU
		{33BC556A-9EC6-446B-B000-04C8B1A9F69C}.Release|Any CPU.Build.0 = Release|Any CPU
		{33BC556A-9EC6-446B-B000-04C8B1A9F69C}.Release|iPhone.ActiveCfg = Release|Any CPU
		{33BC556A-9EC6-446B-B000-04C8B1A9F69C}.Release|iPhone.Build.0 = Release|Any CPU
		{33BC556A-9EC6-446B-B000-04C8B1A9F69C}.Release|iPhoneSimulator.ActiveCfg = Release|Any CPU
		{33BC556A-9EC6-446B-B000-04C8B1A9F69C}.Release|iPhoneSimulator.Build.0 = Release|Any CPU
		{53E80655-9589-4B19-8A78-51084EE977E8}.Ad-Hoc|iPhone.ActiveCfg = Debug|Any CPU
		{53E80655-9589-4B19-8A78-51084EE977E8}.Ad-Hoc|iPhone.Build.0 = Debug|Any CPU
		{53E80655-9589-4B19-8A78-51084EE977E8}.AppStore|iPhone.ActiveCfg = Debug|Any CPU
		{53E80655-9589-4B19-8A78-51084EE977E8}.AppStore|iPhone.Build.0 = Debug|Any CPU
		{53E80655-9589-4B19-8A78-51084EE977E8}.Debug|Any CPU.ActiveCfg = Debug|Any CPU
		{53E80655-9589-4B19-8A78-51084EE977E8}.Debug|Any CPU.Build.0 = Debug|Any CPU
		{53E80655-9589-4B19-8A78-51084EE977E8}.Debug|iPhone.ActiveCfg = Debug|Any CPU
		{53E80655-9589-4B19-8A78-51084EE977E8}.Debug|iPhone.Build.0 = Debug|Any CPU
		{53E80655-9589-4B19-8A78-51084EE977E8}.Debug|iPhoneSimulator.ActiveCfg = Debug|Any CPU
		{53E80655-9589-4B19-8A78-51084EE977E8}.Debug|iPhoneSimulator.Build.0 = Debug|Any CPU
		{53E80655-9589-4B19-8A78-51084EE977E8}.Release|Any CPU.ActiveCfg = Release|Any CPU
		{53E80655-9589-4B19-8A78-51084EE977E8}.Release|Any CPU.Build.0 = Release|Any CPU
		{53E80655-9589-4B19-8A78-51084EE977E8}.Release|iPhone.ActiveCfg = Release|Any CPU
		{53E80655-9589-4B19-8A78-51084EE977E8}.Release|iPhone.Build.0 = Release|Any CPU
		{53E80655-9589-4B19-8A78-51084EE977E8}.Release|iPhoneSimulator.ActiveCfg = Release|Any CPU
		{53E80655-9589-4B19-8A78-51084EE977E8}.Release|iPhoneSimulator.Build.0 = Release|Any CPU
		{56F680A8-D066-4F55-922A-8D28AEB598BB}.Ad-Hoc|iPhone.ActiveCfg = Debug|Any CPU
		{56F680A8-D066-4F55-922A-8D28AEB598BB}.Ad-Hoc|iPhone.Build.0 = Debug|Any CPU
		{56F680A8-D066-4F55-922A-8D28AEB598BB}.AppStore|iPhone.ActiveCfg = Debug|Any CPU
		{56F680A8-D066-4F55-922A-8D28AEB598BB}.AppStore|iPhone.Build.0 = Debug|Any CPU
		{56F680A8-D066-4F55-922A-8D28AEB598BB}.Debug|Any CPU.ActiveCfg = Debug|Any CPU
		{56F680A8-D066-4F55-922A-8D28AEB598BB}.Debug|Any CPU.Build.0 = Debug|Any CPU
		{56F680A8-D066-4F55-922A-8D28AEB598BB}.Debug|iPhone.ActiveCfg = Debug|Any CPU
		{56F680A8-D066-4F55-922A-8D28AEB598BB}.Debug|iPhone.Build.0 = Debug|Any CPU
		{56F680A8-D066-4F55-922A-8D28AEB598BB}.Debug|iPhoneSimulator.ActiveCfg = Debug|Any CPU
		{56F680A8-D066-4F55-922A-8D28AEB598BB}.Debug|iPhoneSimulator.Build.0 = Debug|Any CPU
		{56F680A8-D066-4F55-922A-8D28AEB598BB}.Release|Any CPU.ActiveCfg = Release|Any CPU
		{56F680A8-D066-4F55-922A-8D28AEB598BB}.Release|Any CPU.Build.0 = Release|Any CPU
		{56F680A8-D066-4F55-922A-8D28AEB598BB}.Release|iPhone.ActiveCfg = Release|Any CPU
		{56F680A8-D066-4F55-922A-8D28AEB598BB}.Release|iPhone.Build.0 = Release|Any CPU
		{56F680A8-D066-4F55-922A-8D28AEB598BB}.Release|iPhoneSimulator.ActiveCfg = Release|Any CPU
		{56F680A8-D066-4F55-922A-8D28AEB598BB}.Release|iPhoneSimulator.Build.0 = Release|Any CPU
		{9BB15D9E-E09E-4BEA-AAD4-AB908EE9880A}.Ad-Hoc|iPhone.ActiveCfg = Ad-Hoc|iPhone
		{9BB15D9E-E09E-4BEA-AAD4-AB908EE9880A}.Ad-Hoc|iPhone.Build.0 = Ad-Hoc|iPhone
		{9BB15D9E-E09E-4BEA-AAD4-AB908EE9880A}.AppStore|iPhone.ActiveCfg = AppStore|iPhone
		{9BB15D9E-E09E-4BEA-AAD4-AB908EE9880A}.AppStore|iPhone.Build.0 = AppStore|iPhone
		{9BB15D9E-E09E-4BEA-AAD4-AB908EE9880A}.Debug|Any CPU.ActiveCfg = Debug|iPhoneSimulator
		{9BB15D9E-E09E-4BEA-AAD4-AB908EE9880A}.Debug|Any CPU.Build.0 = Debug|iPhoneSimulator
		{9BB15D9E-E09E-4BEA-AAD4-AB908EE9880A}.Debug|iPhone.ActiveCfg = Debug|iPhone
		{9BB15D9E-E09E-4BEA-AAD4-AB908EE9880A}.Debug|iPhone.Build.0 = Debug|iPhone
		{9BB15D9E-E09E-4BEA-AAD4-AB908EE9880A}.Debug|iPhoneSimulator.ActiveCfg = Debug|iPhoneSimulator
		{9BB15D9E-E09E-4BEA-AAD4-AB908EE9880A}.Debug|iPhoneSimulator.Build.0 = Debug|iPhoneSimulator
		{9BB15D9E-E09E-4BEA-AAD4-AB908EE9880A}.Release|Any CPU.ActiveCfg = Release|iPhoneSimulator
		{9BB15D9E-E09E-4BEA-AAD4-AB908EE9880A}.Release|Any CPU.Build.0 = Release|iPhoneSimulator
		{9BB15D9E-E09E-4BEA-AAD4-AB908EE9880A}.Release|iPhone.ActiveCfg = Release|iPhone
		{9BB15D9E-E09E-4BEA-AAD4-AB908EE9880A}.Release|iPhone.Build.0 = Release|iPhone
		{9BB15D9E-E09E-4BEA-AAD4-AB908EE9880A}.Release|iPhoneSimulator.ActiveCfg = Release|iPhoneSimulator
		{9BB15D9E-E09E-4BEA-AAD4-AB908EE9880A}.Release|iPhoneSimulator.Build.0 = Release|iPhoneSimulator
		{CC8375C1-CE00-4ACB-9506-CA4FC919D9A5}.Ad-Hoc|iPhone.ActiveCfg = Debug|Any CPU
		{CC8375C1-CE00-4ACB-9506-CA4FC919D9A5}.Ad-Hoc|iPhone.Build.0 = Debug|Any CPU
		{CC8375C1-CE00-4ACB-9506-CA4FC919D9A5}.AppStore|iPhone.ActiveCfg = Debug|Any CPU
		{CC8375C1-CE00-4ACB-9506-CA4FC919D9A5}.AppStore|iPhone.Build.0 = Debug|Any CPU
		{CC8375C1-CE00-4ACB-9506-CA4FC919D9A5}.Debug|Any CPU.ActiveCfg = Debug|Any CPU
		{CC8375C1-CE00-4ACB-9506-CA4FC919D9A5}.Debug|Any CPU.Build.0 = Debug|Any CPU
		{CC8375C1-CE00-4ACB-9506-CA4FC919D9A5}.Debug|iPhone.ActiveCfg = Debug|Any CPU
		{CC8375C1-CE00-4ACB-9506-CA4FC919D9A5}.Debug|iPhone.Build.0 = Debug|Any CPU
		{CC8375C1-CE00-4ACB-9506-CA4FC919D9A5}.Debug|iPhoneSimulator.ActiveCfg = Debug|Any CPU
		{CC8375C1-CE00-4ACB-9506-CA4FC919D9A5}.Debug|iPhoneSimulator.Build.0 = Debug|Any CPU
		{CC8375C1-CE00-4ACB-9506-CA4FC919D9A5}.Release|Any CPU.ActiveCfg = Release|Any CPU
		{CC8375C1-CE00-4ACB-9506-CA4FC919D9A5}.Release|Any CPU.Build.0 = Release|Any CPU
		{CC8375C1-CE00-4ACB-9506-CA4FC919D9A5}.Release|iPhone.ActiveCfg = Release|Any CPU
		{CC8375C1-CE00-4ACB-9506-CA4FC919D9A5}.Release|iPhone.Build.0 = Release|Any CPU
		{CC8375C1-CE00-4ACB-9506-CA4FC919D9A5}.Release|iPhoneSimulator.ActiveCfg = Release|Any CPU
		{CC8375C1-CE00-4ACB-9506-CA4FC919D9A5}.Release|iPhoneSimulator.Build.0 = Release|Any CPU
		{D0A4C3B3-33AB-4768-A7B0-CB08753BAF85}.Ad-Hoc|iPhone.ActiveCfg = Debug|Any CPU
		{D0A4C3B3-33AB-4768-A7B0-CB08753BAF85}.Ad-Hoc|iPhone.Build.0 = Debug|Any CPU
		{D0A4C3B3-33AB-4768-A7B0-CB08753BAF85}.AppStore|iPhone.ActiveCfg = Debug|Any CPU
		{D0A4C3B3-33AB-4768-A7B0-CB08753BAF85}.AppStore|iPhone.Build.0 = Debug|Any CPU
		{D0A4C3B3-33AB-4768-A7B0-CB08753BAF85}.Debug|Any CPU.ActiveCfg = Debug|Any CPU
		{D0A4C3B3-33AB-4768-A7B0-CB08753BAF85}.Debug|Any CPU.Build.0 = Debug|Any CPU
		{D0A4C3B3-33AB-4768-A7B0-CB08753BAF85}.Debug|iPhone.ActiveCfg = Debug|Any CPU
		{D0A4C3B3-33AB-4768-A7B0-CB08753BAF85}.Debug|iPhone.Build.0 = Debug|Any CPU
		{D0A4C3B3-33AB-4768-A7B0-CB08753BAF85}.Debug|iPhoneSimulator.ActiveCfg = Debug|Any CPU
		{D0A4C3B3-33AB-4768-A7B0-CB08753BAF85}.Debug|iPhoneSimulator.Build.0 = Debug|Any CPU
		{D0A4C3B3-33AB-4768-A7B0-CB08753BAF85}.Release|Any CPU.ActiveCfg = Release|Any CPU
		{D0A4C3B3-33AB-4768-A7B0-CB08753BAF85}.Release|Any CPU.Build.0 = Release|Any CPU
		{D0A4C3B3-33AB-4768-A7B0-CB08753BAF85}.Release|iPhone.ActiveCfg = Release|Any CPU
		{D0A4C3B3-33AB-4768-A7B0-CB08753BAF85}.Release|iPhone.Build.0 = Release|Any CPU
		{D0A4C3B3-33AB-4768-A7B0-CB08753BAF85}.Release|iPhoneSimulator.ActiveCfg = Release|Any CPU
		{D0A4C3B3-33AB-4768-A7B0-CB08753BAF85}.Release|iPhoneSimulator.Build.0 = Release|Any CPU
		{D3CE2CB7-3065-4607-8106-BBD9E4D077C9}.Ad-Hoc|iPhone.ActiveCfg = Ad-Hoc|iPhone
		{D3CE2CB7-3065-4607-8106-BBD9E4D077C9}.Ad-Hoc|iPhone.Build.0 = Ad-Hoc|iPhone
		{D3CE2CB7-3065-4607-8106-BBD9E4D077C9}.AppStore|iPhone.ActiveCfg = AppStore|iPhone
		{D3CE2CB7-3065-4607-8106-BBD9E4D077C9}.AppStore|iPhone.Build.0 = AppStore|iPhone
		{D3CE2CB7-3065-4607-8106-BBD9E4D077C9}.Debug|Any CPU.ActiveCfg = Debug|iPhoneSimulator
		{D3CE2CB7-3065-4607-8106-BBD9E4D077C9}.Debug|Any CPU.Build.0 = Debug|iPhoneSimulator
		{D3CE2CB7-3065-4607-8106-BBD9E4D077C9}.Debug|iPhone.ActiveCfg = Debug|iPhone
		{D3CE2CB7-3065-4607-8106-BBD9E4D077C9}.Debug|iPhone.Build.0 = Debug|iPhone
		{D3CE2CB7-3065-4607-8106-BBD9E4D077C9}.Debug|iPhoneSimulator.ActiveCfg = Debug|iPhoneSimulator
		{D3CE2CB7-3065-4607-8106-BBD9E4D077C9}.Debug|iPhoneSimulator.Build.0 = Debug|iPhoneSimulator
		{D3CE2CB7-3065-4607-8106-BBD9E4D077C9}.Release|Any CPU.ActiveCfg = Release|iPhoneSimulator
		{D3CE2CB7-3065-4607-8106-BBD9E4D077C9}.Release|Any CPU.Build.0 = Release|iPhoneSimulator
		{D3CE2CB7-3065-4607-8106-BBD9E4D077C9}.Release|iPhone.ActiveCfg = Release|iPhone
		{D3CE2CB7-3065-4607-8106-BBD9E4D077C9}.Release|iPhone.Build.0 = Release|iPhone
		{D3CE2CB7-3065-4607-8106-BBD9E4D077C9}.Release|iPhoneSimulator.ActiveCfg = Release|iPhoneSimulator
		{D3CE2CB7-3065-4607-8106-BBD9E4D077C9}.Release|iPhoneSimulator.Build.0 = Release|iPhoneSimulator
		{F000EC47-2574-4EA2-8237-0B4BA37C1002}.Ad-Hoc|iPhone.ActiveCfg = Debug|Any CPU
		{F000EC47-2574-4EA2-8237-0B4BA37C1002}.Ad-Hoc|iPhone.Build.0 = Debug|Any CPU
		{F000EC47-2574-4EA2-8237-0B4BA37C1002}.AppStore|iPhone.ActiveCfg = Debug|Any CPU
		{F000EC47-2574-4EA2-8237-0B4BA37C1002}.AppStore|iPhone.Build.0 = Debug|Any CPU
		{F000EC47-2574-4EA2-8237-0B4BA37C1002}.Debug|Any CPU.ActiveCfg = Debug|Any CPU
		{F000EC47-2574-4EA2-8237-0B4BA37C1002}.Debug|Any CPU.Build.0 = Debug|Any CPU
		{F000EC47-2574-4EA2-8237-0B4BA37C1002}.Debug|iPhone.ActiveCfg = Debug|Any CPU
		{F000EC47-2574-4EA2-8237-0B4BA37C1002}.Debug|iPhone.Build.0 = Debug|Any CPU
		{F000EC47-2574-4EA2-8237-0B4BA37C1002}.Debug|iPhoneSimulator.ActiveCfg = Debug|Any CPU
		{F000EC47-2574-4EA2-8237-0B4BA37C1002}.Debug|iPhoneSimulator.Build.0 = Debug|Any CPU
		{F000EC47-2574-4EA2-8237-0B4BA37C1002}.Release|Any CPU.ActiveCfg = Release|Any CPU
		{F000EC47-2574-4EA2-8237-0B4BA37C1002}.Release|Any CPU.Build.0 = Release|Any CPU
		{F000EC47-2574-4EA2-8237-0B4BA37C1002}.Release|iPhone.ActiveCfg = Release|Any CPU
		{F000EC47-2574-4EA2-8237-0B4BA37C1002}.Release|iPhone.Build.0 = Release|Any CPU
		{F000EC47-2574-4EA2-8237-0B4BA37C1002}.Release|iPhoneSimulator.ActiveCfg = Release|Any CPU
		{F000EC47-2574-4EA2-8237-0B4BA37C1002}.Release|iPhoneSimulator.Build.0 = Release|Any CPU
	EndGlobalSection
	GlobalSection(MonoDevelopProperties) = preSolution
		StartupItem = PerpetualEngine.Demo.Droid\PerpetualEngine.Demo.Droid.csproj
		Policies = $0
		$0.DotNetNamingPolicy = $1
		$1.DirectoryNamespaceAssociation = None
		$1.ResourceNamePolicy = FileFormatDefault
		$0.TextStylePolicy = $2
		$2.inheritsSet = null
		$2.scope = text/x-csharp
		$0.CSharpFormattingPolicy = $3
		$3.IndentSwitchBody = True
		$3.BeforeMethodDeclarationParentheses = False
		$3.BeforeMethodCallParentheses = False
		$3.BeforeConstructorDeclarationParentheses = False
		$3.BeforeIndexerDeclarationBracket = False
		$3.BeforeDelegateDeclarationParentheses = False
		$3.AfterDelegateDeclarationParameterComma = True
		$3.NewParentheses = False
		$3.SpacesBeforeBrackets = False
		$3.inheritsSet = Mono
		$3.inheritsScope = text/x-csharp
		$3.scope = text/x-csharp
		$0.TextStylePolicy = $4
		$4.FileWidth = 120
		$4.NoTabsAfterNonTabs = True
		$4.EolMarker = Unix
		$4.inheritsSet = VisualStudio
		$4.inheritsScope = text/plain
		$4.scope = text/plain
		$0.TextStylePolicy = $5
		$5.inheritsSet = null
		$5.scope = application/xml
		$0.XmlFormattingPolicy = $6
		$6.inheritsSet = Mono
		$6.inheritsScope = application/xml
		$6.scope = application/xml
		$0.TextStylePolicy = $7
		$7.inheritsSet = null
		$7.scope = application/t4-template
		$0.TextStylePolicy = $8
		$8.inheritsSet = null
		$8.scope = application/json
	EndGlobalSection
EndGlobal
